
Microsoft Visual Studio Solution File, Format Version 12.00
# Visual Studio 15
VisualStudioVersion = 15.0.28307.645
MinimumVisualStudioVersion = 10.0.40219.1
Project("{FAE04EC0-301F-11D3-BF4B-00C04F79EFBC}") = "Floyd's triangle", "Floyd's triangle\Floyd's triangle.csproj", "{A1C9E5AF-B08F-430B-B184-CBA6E026791A}"
EndProject
Global
	GlobalSection(SolutionConfigurationPlatforms) = preSolution
		Debug|Any CPU = Debug|Any CPU
		Release|Any CPU = Release|Any CPU
	EndGlobalSection
	GlobalSection(ProjectConfigurationPlatforms) = postSolution
		{A1C9E5AF-B08F-430B-B184-CBA6E026791A}.Debug|Any CPU.ActiveCfg = Debug|Any CPU
		{A1C9E5AF-B08F-430B-B184-CBA6E026791A}.Debug|Any CPU.Build.0 = Debug|Any CPU
		{A1C9E5AF-B08F-430B-B184-CBA6E026791A}.Release|Any CPU.ActiveCfg = Release|Any CPU
		{A1C9E5AF-B08F-430B-B184-CBA6E026791A}.Release|Any CPU.Build.0 = Release|Any CPU
	EndGlobalSection
	GlobalSection(SolutionProperties) = preSolution
		HideSolutionNode = FALSE
	EndGlobalSection
	GlobalSection(ExtensibilityGlobals) = postSolution
		SolutionGuid = {EC4E2ABA-C3AC-4117-A56A-E8507002A137}
	EndGlobalSection
EndGlobal
