
Microsoft Visual Studio Solution File, Format Version 12.00
# Visual Studio 15
VisualStudioVersion = 15.0.28307.1082
MinimumVisualStudioVersion = 10.0.40219.1
Project("{FAE04EC0-301F-11D3-BF4B-00C04F79EFBC}") = "ConsoleApp12", "ConsoleApp12\ConsoleApp12.csproj", "{AAB41874-A9C3-46F3-BE76-9B89AA808178}"
EndProject
Global
	GlobalSection(SolutionConfigurationPlatforms) = preSolution
		Debug|Any CPU = Debug|Any CPU
		Release|Any CPU = Release|Any CPU
	EndGlobalSection
	GlobalSection(ProjectConfigurationPlatforms) = postSolution
		{AAB41874-A9C3-46F3-BE76-9B89AA808178}.Debug|Any CPU.ActiveCfg = Debug|Any CPU
		{AAB41874-A9C3-46F3-BE76-9B89AA808178}.Debug|Any CPU.Build.0 = Debug|Any CPU
		{AAB41874-A9C3-46F3-BE76-9B89AA808178}.Release|Any CPU.ActiveCfg = Release|Any CPU
		{AAB41874-A9C3-46F3-BE76-9B89AA808178}.Release|Any CPU.Build.0 = Release|Any CPU
	EndGlobalSection
	GlobalSection(SolutionProperties) = preSolution
		HideSolutionNode = FALSE
	EndGlobalSection
	GlobalSection(ExtensibilityGlobals) = postSolution
		SolutionGuid = {24DD3D58-7B51-4036-8028-52029D378BD5}
	EndGlobalSection
EndGlobal
