
Microsoft Visual Studio Solution File, Format Version 12.00
# Visual Studio 15
VisualStudioVersion = 15.0.28307.645
MinimumVisualStudioVersion = 10.0.40219.1
Project("{FAE04EC0-301F-11D3-BF4B-00C04F79EFBC}") = "ConsoleApp3", "ConsoleApp3\ConsoleApp3.csproj", "{F7C9EC61-AF73-43B4-9C36-D764B5D1CF52}"
EndProject
Global
	GlobalSection(SolutionConfigurationPlatforms) = preSolution
		Debug|Any CPU = Debug|Any CPU
		Release|Any CPU = Release|Any CPU
	EndGlobalSection
	GlobalSection(ProjectConfigurationPlatforms) = postSolution
		{F7C9EC61-AF73-43B4-9C36-D764B5D1CF52}.Debug|Any CPU.ActiveCfg = Debug|Any CPU
		{F7C9EC61-AF73-43B4-9C36-D764B5D1CF52}.Debug|Any CPU.Build.0 = Debug|Any CPU
		{F7C9EC61-AF73-43B4-9C36-D764B5D1CF52}.Release|Any CPU.ActiveCfg = Release|Any CPU
		{F7C9EC61-AF73-43B4-9C36-D764B5D1CF52}.Release|Any CPU.Build.0 = Release|Any CPU
	EndGlobalSection
	GlobalSection(SolutionProperties) = preSolution
		HideSolutionNode = FALSE
	EndGlobalSection
	GlobalSection(ExtensibilityGlobals) = postSolution
		SolutionGuid = {EED94765-03BF-4819-9E0B-27486BBE6872}
	EndGlobalSection
EndGlobal
