
Microsoft Visual Studio Solution File, Format Version 12.00
# Visual Studio 15
VisualStudioVersion = 15.0.28307.168
MinimumVisualStudioVersion = 10.0.40219.1
Project("{E24C65DC-7377-472B-9ABA-BC803B73C61A}") = "JQ", "..\..\..\Documents\WebSite\JQ\", "{22C87927-CC8E-4C3D-BB20-641D53BA5413}"
	ProjectSection(WebsiteProperties) = preProject
		TargetFrameworkMoniker = ".NETFramework,Version%3Dv4.0"
		Debug.AspNetCompiler.VirtualPath = "/localhost_54210"
		Debug.AspNetCompiler.PhysicalPath = "..\..\..\Documents\WebSite\JQ\"
		Debug.AspNetCompiler.TargetPath = "PrecompiledWeb\localhost_54210\"
		Debug.AspNetCompiler.Updateable = "true"
		Debug.AspNetCompiler.ForceOverwrite = "true"
		Debug.AspNetCompiler.FixedNames = "false"
		Debug.AspNetCompiler.Debug = "True"
		Release.AspNetCompiler.VirtualPath = "/localhost_54210"
		Release.AspNetCompiler.PhysicalPath = "..\..\..\Documents\WebSite\JQ\"
		Release.AspNetCompiler.TargetPath = "PrecompiledWeb\localhost_54210\"
		Release.AspNetCompiler.Updateable = "true"
		Release.AspNetCompiler.ForceOverwrite = "true"
		Release.AspNetCompiler.FixedNames = "false"
		Release.AspNetCompiler.Debug = "False"
		VWDPort = "54210"
	EndProjectSection
EndProject
Project("{E24C65DC-7377-472B-9ABA-BC803B73C61A}") = "WebSite", "..\..\..\Documents\WebSite\WebSite\", "{70A44AB8-2949-4ED8-9CCB-500833FEEF29}"
	ProjectSection(WebsiteProperties) = preProject
		TargetFrameworkMoniker = ".NETFramework,Version%3Dv4.0"
		Debug.AspNetCompiler.VirtualPath = "/localhost_55414"
		Debug.AspNetCompiler.PhysicalPath = "..\..\..\Documents\WebSite\WebSite\"
		Debug.AspNetCompiler.TargetPath = "PrecompiledWeb\localhost_55414\"
		Debug.AspNetCompiler.Updateable = "true"
		Debug.AspNetCompiler.ForceOverwrite = "true"
		Debug.AspNetCompiler.FixedNames = "false"
		Debug.AspNetCompiler.Debug = "True"
		Release.AspNetCompiler.VirtualPath = "/localhost_55414"
		Release.AspNetCompiler.PhysicalPath = "..\..\..\Documents\WebSite\WebSite\"
		Release.AspNetCompiler.TargetPath = "PrecompiledWeb\localhost_55414\"
		Release.AspNetCompiler.Updateable = "true"
		Release.AspNetCompiler.ForceOverwrite = "true"
		Release.AspNetCompiler.FixedNames = "false"
		Release.AspNetCompiler.Debug = "False"
		VWDPort = "55414"
	EndProjectSection
EndProject
Global
	GlobalSection(SolutionConfigurationPlatforms) = preSolution
		Debug|Any CPU = Debug|Any CPU
	EndGlobalSection
	GlobalSection(ProjectConfigurationPlatforms) = postSolution
		{22C87927-CC8E-4C3D-BB20-641D53BA5413}.Debug|Any CPU.ActiveCfg = Debug|Any CPU
		{22C87927-CC8E-4C3D-BB20-641D53BA5413}.Debug|Any CPU.Build.0 = Debug|Any CPU
		{70A44AB8-2949-4ED8-9CCB-500833FEEF29}.Debug|Any CPU.ActiveCfg = Debug|Any CPU
		{70A44AB8-2949-4ED8-9CCB-500833FEEF29}.Debug|Any CPU.Build.0 = Debug|Any CPU
	EndGlobalSection
	GlobalSection(SolutionProperties) = preSolution
		HideSolutionNode = FALSE
	EndGlobalSection
	GlobalSection(ExtensibilityGlobals) = postSolution
		SolutionGuid = {86643072-D89F-4E79-B110-8D2A9A8B51DA}
	EndGlobalSection
EndGlobal
