
Microsoft Visual Studio Solution File, Format Version 12.00
# Visual Studio 15
VisualStudioVersion = 15.0.28307.645
MinimumVisualStudioVersion = 10.0.40219.1
Project("{FAE04EC0-301F-11D3-BF4B-00C04F79EFBC}") = "powers", "powers\powers.csproj", "{6D8A1D74-F875-4580-AADB-6865F583E052}"
EndProject
Global
	GlobalSection(SolutionConfigurationPlatforms) = preSolution
		Debug|Any CPU = Debug|Any CPU
		Release|Any CPU = Release|Any CPU
	EndGlobalSection
	GlobalSection(ProjectConfigurationPlatforms) = postSolution
		{6D8A1D74-F875-4580-AADB-6865F583E052}.Debug|Any CPU.ActiveCfg = Debug|Any CPU
		{6D8A1D74-F875-4580-AADB-6865F583E052}.Debug|Any CPU.Build.0 = Debug|Any CPU
		{6D8A1D74-F875-4580-AADB-6865F583E052}.Release|Any CPU.ActiveCfg = Release|Any CPU
		{6D8A1D74-F875-4580-AADB-6865F583E052}.Release|Any CPU.Build.0 = Release|Any CPU
	EndGlobalSection
	GlobalSection(SolutionProperties) = preSolution
		HideSolutionNode = FALSE
	EndGlobalSection
	GlobalSection(ExtensibilityGlobals) = postSolution
		SolutionGuid = {90D7A6FD-008D-4559-9859-36680C4DE16D}
	EndGlobalSection
EndGlobal
