
Microsoft Visual Studio Solution File, Format Version 12.00
# Visual Studio 15
VisualStudioVersion = 15.0.28307.645
MinimumVisualStudioVersion = 10.0.40219.1
Project("{FAE04EC0-301F-11D3-BF4B-00C04F79EFBC}") = "SquareOfNumber", "SquareOfNumber\SquareOfNumber.csproj", "{CBA6E681-8B8B-4EA0-8472-C34D8F677815}"
EndProject
Global
	GlobalSection(SolutionConfigurationPlatforms) = preSolution
		Debug|Any CPU = Debug|Any CPU
		Release|Any CPU = Release|Any CPU
	EndGlobalSection
	GlobalSection(ProjectConfigurationPlatforms) = postSolution
		{CBA6E681-8B8B-4EA0-8472-C34D8F677815}.Debug|Any CPU.ActiveCfg = Debug|Any CPU
		{CBA6E681-8B8B-4EA0-8472-C34D8F677815}.Debug|Any CPU.Build.0 = Debug|Any CPU
		{CBA6E681-8B8B-4EA0-8472-C34D8F677815}.Release|Any CPU.ActiveCfg = Release|Any CPU
		{CBA6E681-8B8B-4EA0-8472-C34D8F677815}.Release|Any CPU.Build.0 = Release|Any CPU
	EndGlobalSection
	GlobalSection(SolutionProperties) = preSolution
		HideSolutionNode = FALSE
	EndGlobalSection
	GlobalSection(ExtensibilityGlobals) = postSolution
		SolutionGuid = {3AE3CED3-99CF-4166-988F-8B087CBDE4EA}
	EndGlobalSection
EndGlobal
