
Microsoft Visual Studio Solution File, Format Version 12.00
# Visual Studio 15
VisualStudioVersion = 15.0.28307.645
MinimumVisualStudioVersion = 10.0.40219.1
Project("{FAE04EC0-301F-11D3-BF4B-00C04F79EFBC}") = "CalculatorWithEnum", "CalculatorWithEnum\CalculatorWithEnum.csproj", "{D0097484-DFEA-41CD-A7AE-93796A678464}"
EndProject
Global
	GlobalSection(SolutionConfigurationPlatforms) = preSolution
		Debug|Any CPU = Debug|Any CPU
		Release|Any CPU = Release|Any CPU
	EndGlobalSection
	GlobalSection(ProjectConfigurationPlatforms) = postSolution
		{D0097484-DFEA-41CD-A7AE-93796A678464}.Debug|Any CPU.ActiveCfg = Debug|Any CPU
		{D0097484-DFEA-41CD-A7AE-93796A678464}.Debug|Any CPU.Build.0 = Debug|Any CPU
		{D0097484-DFEA-41CD-A7AE-93796A678464}.Release|Any CPU.ActiveCfg = Release|Any CPU
		{D0097484-DFEA-41CD-A7AE-93796A678464}.Release|Any CPU.Build.0 = Release|Any CPU
	EndGlobalSection
	GlobalSection(SolutionProperties) = preSolution
		HideSolutionNode = FALSE
	EndGlobalSection
	GlobalSection(ExtensibilityGlobals) = postSolution
		SolutionGuid = {D9F7A193-2344-41BF-A304-61F49857D21C}
	EndGlobalSection
EndGlobal
