
Microsoft Visual Studio Solution File, Format Version 12.00
# Visual Studio 15
VisualStudioVersion = 15.0.28307.645
MinimumVisualStudioVersion = 10.0.40219.1
Project("{FAE04EC0-301F-11D3-BF4B-00C04F79EFBC}") = "Location2", "Location2\Location2.csproj", "{7B57F806-B72D-4ECA-91D9-65FE393FF9C3}"
EndProject
Global
	GlobalSection(SolutionConfigurationPlatforms) = preSolution
		Debug|Any CPU = Debug|Any CPU
		Release|Any CPU = Release|Any CPU
	EndGlobalSection
	GlobalSection(ProjectConfigurationPlatforms) = postSolution
		{7B57F806-B72D-4ECA-91D9-65FE393FF9C3}.Debug|Any CPU.ActiveCfg = Debug|Any CPU
		{7B57F806-B72D-4ECA-91D9-65FE393FF9C3}.Debug|Any CPU.Build.0 = Debug|Any CPU
		{7B57F806-B72D-4ECA-91D9-65FE393FF9C3}.Release|Any CPU.ActiveCfg = Release|Any CPU
		{7B57F806-B72D-4ECA-91D9-65FE393FF9C3}.Release|Any CPU.Build.0 = Release|Any CPU
	EndGlobalSection
	GlobalSection(SolutionProperties) = preSolution
		HideSolutionNode = FALSE
	EndGlobalSection
	GlobalSection(ExtensibilityGlobals) = postSolution
		SolutionGuid = {8D0DAA85-99E9-44D1-97A6-97F50CA51EF6}
	EndGlobalSection
EndGlobal
