
Microsoft Visual Studio Solution File, Format Version 12.00
# Visual Studio 15
VisualStudioVersion = 15.0.28307.645
MinimumVisualStudioVersion = 10.0.40219.1
Project("{FAE04EC0-301F-11D3-BF4B-00C04F79EFBC}") = "SampleMvc", "SampleMvc\SampleMvc.csproj", "{0862A3AF-64D2-4C8B-9251-5BDD88A239EB}"
EndProject
Project("{FAE04EC0-301F-11D3-BF4B-00C04F79EFBC}") = "DbConn", "DbConn\DbConn.csproj", "{80CAD1B2-2977-4443-9DE6-CEE0C3DCA266}"
EndProject
Global
	GlobalSection(SolutionConfigurationPlatforms) = preSolution
		Debug|Any CPU = Debug|Any CPU
		Release|Any CPU = Release|Any CPU
	EndGlobalSection
	GlobalSection(ProjectConfigurationPlatforms) = postSolution
		{0862A3AF-64D2-4C8B-9251-5BDD88A239EB}.Debug|Any CPU.ActiveCfg = Debug|Any CPU
		{0862A3AF-64D2-4C8B-9251-5BDD88A239EB}.Debug|Any CPU.Build.0 = Debug|Any CPU
		{0862A3AF-64D2-4C8B-9251-5BDD88A239EB}.Release|Any CPU.ActiveCfg = Release|Any CPU
		{0862A3AF-64D2-4C8B-9251-5BDD88A239EB}.Release|Any CPU.Build.0 = Release|Any CPU
		{80CAD1B2-2977-4443-9DE6-CEE0C3DCA266}.Debug|Any CPU.ActiveCfg = Debug|Any CPU
		{80CAD1B2-2977-4443-9DE6-CEE0C3DCA266}.Debug|Any CPU.Build.0 = Debug|Any CPU
		{80CAD1B2-2977-4443-9DE6-CEE0C3DCA266}.Release|Any CPU.ActiveCfg = Release|Any CPU
		{80CAD1B2-2977-4443-9DE6-CEE0C3DCA266}.Release|Any CPU.Build.0 = Release|Any CPU
	EndGlobalSection
	GlobalSection(SolutionProperties) = preSolution
		HideSolutionNode = FALSE
	EndGlobalSection
	GlobalSection(ExtensibilityGlobals) = postSolution
		SolutionGuid = {7C9588F9-C3D9-4C8A-81AD-8580936D41B7}
	EndGlobalSection
EndGlobal
