
Microsoft Visual Studio Solution File, Format Version 12.00
# Visual Studio 15
VisualStudioVersion = 15.0.28307.645
MinimumVisualStudioVersion = 10.0.40219.1
Project("{FAE04EC0-301F-11D3-BF4B-00C04F79EFBC}") = "HardLoop2", "HardLoop2\HardLoop2.csproj", "{C446132A-B349-41A1-8F3A-66E8188FAB93}"
EndProject
Global
	GlobalSection(SolutionConfigurationPlatforms) = preSolution
		Debug|Any CPU = Debug|Any CPU
		Release|Any CPU = Release|Any CPU
	EndGlobalSection
	GlobalSection(ProjectConfigurationPlatforms) = postSolution
		{C446132A-B349-41A1-8F3A-66E8188FAB93}.Debug|Any CPU.ActiveCfg = Debug|Any CPU
		{C446132A-B349-41A1-8F3A-66E8188FAB93}.Debug|Any CPU.Build.0 = Debug|Any CPU
		{C446132A-B349-41A1-8F3A-66E8188FAB93}.Release|Any CPU.ActiveCfg = Release|Any CPU
		{C446132A-B349-41A1-8F3A-66E8188FAB93}.Release|Any CPU.Build.0 = Release|Any CPU
	EndGlobalSection
	GlobalSection(SolutionProperties) = preSolution
		HideSolutionNode = FALSE
	EndGlobalSection
	GlobalSection(ExtensibilityGlobals) = postSolution
		SolutionGuid = {00230AE9-0673-452E-8B08-6AB7C9372F4F}
	EndGlobalSection
EndGlobal
