
Microsoft Visual Studio Solution File, Format Version 12.00
# Visual Studio 15
VisualStudioVersion = 15.0.28307.645
MinimumVisualStudioVersion = 10.0.40219.1
Project("{E24C65DC-7377-472B-9ABA-BC803B73C61A}") = "sampleWebSite", "..\..\..\Documents\WebSite\WebSite\sampleWebSite\", "{531F4A1D-B91F-4855-8F76-BCFD753257E7}"
	ProjectSection(WebsiteProperties) = preProject
		TargetFrameworkMoniker = ".NETFramework,Version%3Dv4.0"
		Debug.AspNetCompiler.VirtualPath = "/localhost_57373"
		Debug.AspNetCompiler.PhysicalPath = "..\..\..\Documents\WebSite\WebSite\sampleWebSite\"
		Debug.AspNetCompiler.TargetPath = "PrecompiledWeb\localhost_57373\"
		Debug.AspNetCompiler.Updateable = "true"
		Debug.AspNetCompiler.ForceOverwrite = "true"
		Debug.AspNetCompiler.FixedNames = "false"
		Debug.AspNetCompiler.Debug = "True"
		Release.AspNetCompiler.VirtualPath = "/localhost_57373"
		Release.AspNetCompiler.PhysicalPath = "..\..\..\Documents\WebSite\WebSite\sampleWebSite\"
		Release.AspNetCompiler.TargetPath = "PrecompiledWeb\localhost_57373\"
		Release.AspNetCompiler.Updateable = "true"
		Release.AspNetCompiler.ForceOverwrite = "true"
		Release.AspNetCompiler.FixedNames = "false"
		Release.AspNetCompiler.Debug = "False"
		VWDPort = "57373"
		SlnRelativePath = "..\..\..\Documents\WebSite\WebSite\sampleWebSite\"
	EndProjectSection
EndProject
Global
	GlobalSection(SolutionConfigurationPlatforms) = preSolution
		Debug|Any CPU = Debug|Any CPU
	EndGlobalSection
	GlobalSection(ProjectConfigurationPlatforms) = postSolution
		{531F4A1D-B91F-4855-8F76-BCFD753257E7}.Debug|Any CPU.ActiveCfg = Debug|Any CPU
		{531F4A1D-B91F-4855-8F76-BCFD753257E7}.Debug|Any CPU.Build.0 = Debug|Any CPU
	EndGlobalSection
	GlobalSection(SolutionProperties) = preSolution
		HideSolutionNode = FALSE
	EndGlobalSection
	GlobalSection(ExtensibilityGlobals) = postSolution
		SolutionGuid = {128D3223-CAD8-4AED-95AD-7ECEF0C0E2C7}
	EndGlobalSection
EndGlobal
