
Microsoft Visual Studio Solution File, Format Version 12.00
# Visual Studio 15
VisualStudioVersion = 15.0.28307.645
MinimumVisualStudioVersion = 10.0.40219.1
Project("{FAE04EC0-301F-11D3-BF4B-00C04F79EFBC}") = "ChanukaCandles", "ChanukaCandles\ChanukaCandles.csproj", "{FADFB17A-1082-40FB-A583-FD00B543CDDB}"
EndProject
Global
	GlobalSection(SolutionConfigurationPlatforms) = preSolution
		Debug|Any CPU = Debug|Any CPU
		Release|Any CPU = Release|Any CPU
	EndGlobalSection
	GlobalSection(ProjectConfigurationPlatforms) = postSolution
		{FADFB17A-1082-40FB-A583-FD00B543CDDB}.Debug|Any CPU.ActiveCfg = Debug|Any CPU
		{FADFB17A-1082-40FB-A583-FD00B543CDDB}.Debug|Any CPU.Build.0 = Debug|Any CPU
		{FADFB17A-1082-40FB-A583-FD00B543CDDB}.Release|Any CPU.ActiveCfg = Release|Any CPU
		{FADFB17A-1082-40FB-A583-FD00B543CDDB}.Release|Any CPU.Build.0 = Release|Any CPU
	EndGlobalSection
	GlobalSection(SolutionProperties) = preSolution
		HideSolutionNode = FALSE
	EndGlobalSection
	GlobalSection(ExtensibilityGlobals) = postSolution
		SolutionGuid = {33F94EDB-4F68-417D-8C02-7337060AFB2C}
	EndGlobalSection
EndGlobal
